// !$*UTF8*$!
{
	archiveVersion = 1;
	classes = {
	};
	objectVersion = 56;
	objects = {

/* Begin PBXBuildFile section */
		ED1B4A28298129810097B4AC /* uiApp.swift in Sources */ = {isa = PBXBuildFile; fileRef = ED1B4A27298129810097B4AC /* uiApp.swift */; };
		ED1B4A2A298129810097B4AC /* ContentView.swift in Sources */ = {isa = PBXBuildFile; fileRef = ED1B4A29298129810097B4AC /* ContentView.swift */; };
		ED1B4A2C298129820097B4AC /* Assets.xcassets in Resources */ = {isa = PBXBuildFile; fileRef = ED1B4A2B298129820097B4AC /* Assets.xcassets */; };
		ED1B4A30298129820097B4AC /* Preview Assets.xcassets in Resources */ = {isa = PBXBuildFile; fileRef = ED1B4A2F298129820097B4AC /* Preview Assets.xcassets */; };
		ED1B4A3A298129820097B4AC /* uiTests.swift in Sources */ = {isa = PBXBuildFile; fileRef = ED1B4A39298129820097B4AC /* uiTests.swift */; };
		ED1B4A44298129820097B4AC /* uiUITests.swift in Sources */ = {isa = PBXBuildFile; fileRef = ED1B4A43298129820097B4AC /* uiUITests.swift */; };
		ED1B4A46298129820097B4AC /* uiUITestsLaunchTests.swift in Sources */ = {isa = PBXBuildFile; fileRef = ED1B4A45298129820097B4AC /* uiUITestsLaunchTests.swift */; };
/* End PBXBuildFile section */

/* Begin PBXContainerItemProxy section */
		ED1B4A36298129820097B4AC /* PBXContainerItemProxy */ = {
			isa = PBXContainerItemProxy;
			containerPortal = ED1B4A1C298129810097B4AC /* Project object */;
			proxyType = 1;
			remoteGlobalIDString = ED1B4A23298129810097B4AC;
			remoteInfo = ui;
		};
		ED1B4A40298129820097B4AC /* PBXContainerItemProxy */ = {
			isa = PBXContainerItemProxy;
			containerPortal = ED1B4A1C298129810097B4AC /* Project object */;
			proxyType = 1;
			remoteGlobalIDString = ED1B4A23298129810097B4AC;
			remoteInfo = ui;
		};
/* End PBXContainerItemProxy section */

/* Begin PBXFileReference section */
		ED1B4A24298129810097B4AC /* ui.app */ = {isa = PBXFileReference; explicitFileType = wrapper.application; includeInIndex = 0; path = ui.app; sourceTree = BUILT_PRODUCTS_DIR; };
		ED1B4A27298129810097B4AC /* uiApp.swift */ = {isa = PBXFileReference; lastKnownFileType = sourcecode.swift; path = uiApp.swift; sourceTree = "<group>"; };
		ED1B4A29298129810097B4AC /* ContentView.swift */ = {isa = PBXFileReference; lastKnownFileType = sourcecode.swift; path = ContentView.swift; sourceTree = "<group>"; };
		ED1B4A2B298129820097B4AC /* Assets.xcassets */ = {isa = PBXFileReference; lastKnownFileType = folder.assetcatalog; path = Assets.xcassets; sourceTree = "<group>"; };
		ED1B4A2D298129820097B4AC /* ui.entitlements */ = {isa = PBXFileReference; lastKnownFileType = text.plist.entitlements; path = ui.entitlements; sourceTree = "<group>"; };
		ED1B4A2F298129820097B4AC /* Preview Assets.xcassets */ = {isa = PBXFileReference; lastKnownFileType = folder.assetcatalog; path = "Preview Assets.xcassets"; sourceTree = "<group>"; };
		ED1B4A35298129820097B4AC /* uiTests.xctest */ = {isa = PBXFileReference; explicitFileType = wrapper.cfbundle; includeInIndex = 0; path = uiTests.xctest; sourceTree = BUILT_PRODUCTS_DIR; };
		ED1B4A39298129820097B4AC /* uiTests.swift */ = {isa = PBXFileReference; lastKnownFileType = sourcecode.swift; path = uiTests.swift; sourceTree = "<group>"; };
		ED1B4A3F298129820097B4AC /* uiUITests.xctest */ = {isa = PBXFileReference; explicitFileType = wrapper.cfbundle; includeInIndex = 0; path = uiUITests.xctest; sourceTree = BUILT_PRODUCTS_DIR; };
		ED1B4A43298129820097B4AC /* uiUITests.swift */ = {isa = PBXFileReference; lastKnownFileType = sourcecode.swift; path = uiUITests.swift; sourceTree = "<group>"; };
		ED1B4A45298129820097B4AC /* uiUITestsLaunchTests.swift */ = {isa = PBXFileReference; lastKnownFileType = sourcecode.swift; path = uiUITestsLaunchTests.swift; sourceTree = "<group>"; };
/* End PBXFileReference section */

/* Begin PBXFrameworksBuildPhase section */
		ED1B4A21298129810097B4AC /* Frameworks */ = {
			isa = PBXFrameworksBuildPhase;
			buildActionMask = 2147483647;
			files = (
			);
			runOnlyForDeploymentPostprocessing = 0;
		};
		ED1B4A32298129820097B4AC /* Frameworks */ = {
			isa = PBXFrameworksBuildPhase;
			buildActionMask = 2147483647;
			files = (
			);
			runOnlyForDeploymentPostprocessing = 0;
		};
		ED1B4A3C298129820097B4AC /* Frameworks */ = {
			isa = PBXFrameworksBuildPhase;
			buildActionMask = 2147483647;
			files = (
			);
			runOnlyForDeploymentPostprocessing = 0;
		};
/* End PBXFrameworksBuildPhase section */

/* Begin PBXGroup section */
		ED1B4A1B298129810097B4AC = {
			isa = PBXGroup;
			children = (
				ED1B4A26298129810097B4AC /* ui */,
				ED1B4A38298129820097B4AC /* uiTests */,
				ED1B4A42298129820097B4AC /* uiUITests */,
				ED1B4A25298129810097B4AC /* Products */,
			);
			sourceTree = "<group>";
		};
		ED1B4A25298129810097B4AC /* Products */ = {
			isa = PBXGroup;
			children = (
				ED1B4A24298129810097B4AC /* ui.app */,
				ED1B4A35298129820097B4AC /* uiTests.xctest */,
				ED1B4A3F298129820097B4AC /* uiUITests.xctest */,
			);
			name = Products;
			sourceTree = "<group>";
		};
		ED1B4A26298129810097B4AC /* ui */ = {
			isa = PBXGroup;
			children = (
				ED1B4A27298129810097B4AC /* uiApp.swift */,
				ED1B4A29298129810097B4AC /* ContentView.swift */,
				ED1B4A2B298129820097B4AC /* Assets.xcassets */,
				ED1B4A2D298129820097B4AC /* ui.entitlements */,
				ED1B4A2E298129820097B4AC /* Preview Content */,
			);
			path = ui;
			sourceTree = "<group>";
		};
		ED1B4A2E298129820097B4AC /* Preview Content */ = {
			isa = PBXGroup;
			children = (
				ED1B4A2F298129820097B4AC /* Preview Assets.xcassets */,
			);
			path = "Preview Content";
			sourceTree = "<group>";
		};
		ED1B4A38298129820097B4AC /* uiTests */ = {
			isa = PBXGroup;
			children = (
				ED1B4A39298129820097B4AC /* uiTests.swift */,
			);
			path = uiTests;
			sourceTree = "<group>";
		};
		ED1B4A42298129820097B4AC /* uiUITests */ = {
			isa = PBXGroup;
			children = (
				ED1B4A43298129820097B4AC /* uiUITests.swift */,
				ED1B4A45298129820097B4AC /* uiUITestsLaunchTests.swift */,
			);
			path = uiUITests;
			sourceTree = "<group>";
		};
/* End PBXGroup section */

/* Begin PBXNativeTarget section */
		ED1B4A23298129810097B4AC /* ui */ = {
			isa = PBXNativeTarget;
			buildConfigurationList = ED1B4A49298129820097B4AC /* Build configuration list for PBXNativeTarget "ui" */;
			buildPhases = (
				ED1B4A20298129810097B4AC /* Sources */,
				ED1B4A21298129810097B4AC /* Frameworks */,
				ED1B4A22298129810097B4AC /* Resources */,
			);
			buildRules = (
			);
			dependencies = (
			);
			name = ui;
			productName = ui;
			productReference = ED1B4A24298129810097B4AC /* ui.app */;
			productType = "com.apple.product-type.application";
		};
		ED1B4A34298129820097B4AC /* uiTests */ = {
			isa = PBXNativeTarget;
			buildConfigurationList = ED1B4A4C298129820097B4AC /* Build configuration list for PBXNativeTarget "uiTests" */;
			buildPhases = (
				ED1B4A31298129820097B4AC /* Sources */,
				ED1B4A32298129820097B4AC /* Frameworks */,
				ED1B4A33298129820097B4AC /* Resources */,
			);
			buildRules = (
			);
			dependencies = (
				ED1B4A37298129820097B4AC /* PBXTargetDependency */,
			);
			name = uiTests;
			productName = uiTests;
			productReference = ED1B4A35298129820097B4AC /* uiTests.xctest */;
			productType = "com.apple.product-type.bundle.unit-test";
		};
		ED1B4A3E298129820097B4AC /* uiUITests */ = {
			isa = PBXNativeTarget;
			buildConfigurationList = ED1B4A4F298129820097B4AC /* Build configuration list for PBXNativeTarget "uiUITests" */;
			buildPhases = (
				ED1B4A3B298129820097B4AC /* Sources */,
				ED1B4A3C298129820097B4AC /* Frameworks */,
				ED1B4A3D298129820097B4AC /* Resources */,
			);
			buildRules = (
			);
			dependencies = (
				ED1B4A41298129820097B4AC /* PBXTargetDependency */,
			);
			name = uiUITests;
			productName = uiUITests;
			productReference = ED1B4A3F298129820097B4AC /* uiUITests.xctest */;
			productType = "com.apple.product-type.bundle.ui-testing";
		};
/* End PBXNativeTarget section */

/* Begin PBXProject section */
		ED1B4A1C298129810097B4AC /* Project object */ = {
			isa = PBXProject;
			attributes = {
				BuildIndependentTargetsInParallel = 1;
				LastSwiftUpdateCheck = 1420;
				LastUpgradeCheck = 1420;
				TargetAttributes = {
					ED1B4A23298129810097B4AC = {
						CreatedOnToolsVersion = 14.2;
					};
					ED1B4A34298129820097B4AC = {
						CreatedOnToolsVersion = 14.2;
						TestTargetID = ED1B4A23298129810097B4AC;
					};
					ED1B4A3E298129820097B4AC = {
						CreatedOnToolsVersion = 14.2;
						TestTargetID = ED1B4A23298129810097B4AC;
					};
				};
			};
			buildConfigurationList = ED1B4A1F298129810097B4AC /* Build configuration list for PBXProject "ui" */;
			compatibilityVersion = "Xcode 14.0";
			developmentRegion = en;
			hasScannedForEncodings = 0;
			knownRegions = (
				en,
				Base,
			);
			mainGroup = ED1B4A1B298129810097B4AC;
			productRefGroup = ED1B4A25298129810097B4AC /* Products */;
			projectDirPath = "";
			projectRoot = "";
			targets = (
				ED1B4A23298129810097B4AC /* ui */,
				ED1B4A34298129820097B4AC /* uiTests */,
				ED1B4A3E298129820097B4AC /* uiUITests */,
			);
		};
/* End PBXProject section */

/* Begin PBXResourcesBuildPhase section */
		ED1B4A22298129810097B4AC /* Resources */ = {
			isa = PBXResourcesBuildPhase;
			buildActionMask = 2147483647;
			files = (
				ED1B4A30298129820097B4AC /* Preview Assets.xcassets in Resources */,
				ED1B4A2C298129820097B4AC /* Assets.xcassets in Resources */,
			);
			runOnlyForDeploymentPostprocessing = 0;
		};
		ED1B4A33298129820097B4AC /* Resources */ = {
			isa = PBXResourcesBuildPhase;
			buildActionMask = 2147483647;
			files = (
			);
			runOnlyForDeploymentPostprocessing = 0;
		};
		ED1B4A3D298129820097B4AC /* Resources */ = {
			isa = PBXResourcesBuildPhase;
			buildActionMask = 2147483647;
			files = (
			);
			runOnlyForDeploymentPostprocessing = 0;
		};
/* End PBXResourcesBuildPhase section */

/* Begin PBXSourcesBuildPhase section */
		ED1B4A20298129810097B4AC /* Sources */ = {
			isa = PBXSourcesBuildPhase;
			buildActionMask = 2147483647;
			files = (
				ED1B4A2A298129810097B4AC /* ContentView.swift in Sources */,
				ED1B4A28298129810097B4AC /* uiApp.swift in Sources */,
			);
			runOnlyForDeploymentPostprocessing = 0;
		};
		ED1B4A31298129820097B4AC /* Sources */ = {
			isa = PBXSourcesBuildPhase;
			buildActionMask = 2147483647;
			files = (
				ED1B4A3A298129820097B4AC /* uiTests.swift in Sources */,
			);
			runOnlyForDeploymentPostprocessing = 0;
		};
		ED1B4A3B298129820097B4AC /* Sources */ = {
			isa = PBXSourcesBuildPhase;
			buildActionMask = 2147483647;
			files = (
				ED1B4A46298129820097B4AC /* uiUITestsLaunchTests.swift in Sources */,
				ED1B4A44298129820097B4AC /* uiUITests.swift in Sources */,
			);
			runOnlyForDeploymentPostprocessing = 0;
		};
/* End PBXSourcesBuildPhase section */

/* Begin PBXTargetDependency section */
		ED1B4A37298129820097B4AC /* PBXTargetDependency */ = {
			isa = PBXTargetDependency;
			target = ED1B4A23298129810097B4AC /* ui */;
			targetProxy = ED1B4A36298129820097B4AC /* PBXContainerItemProxy */;
		};
		ED1B4A41298129820097B4AC /* PBXTargetDependency */ = {
			isa = PBXTargetDependency;
			target = ED1B4A23298129810097B4AC /* ui */;
			targetProxy = ED1B4A40298129820097B4AC /* PBXContainerItemProxy */;
		};
/* End PBXTargetDependency section */

/* Begin XCBuildConfiguration section */
		ED1B4A47298129820097B4AC /* Debug */ = {
			isa = XCBuildConfiguration;
			buildSettings = {
				ALWAYS_SEARCH_USER_PATHS = NO;
				CLANG_ANALYZER_NONNULL = YES;
				CLANG_ANALYZER_NUMBER_OBJECT_CONVERSION = YES_AGGRESSIVE;
				CLANG_CXX_LANGUAGE_STANDARD = "gnu++20";
				CLANG_ENABLE_MODULES = YES;
				CLANG_ENABLE_OBJC_ARC = YES;
				CLANG_ENABLE_OBJC_WEAK = YES;
				CLANG_WARN_BLOCK_CAPTURE_AUTORELEASING = YES;
				CLANG_WARN_BOOL_CONVERSION = YES;
				CLANG_WARN_COMMA = YES;
				CLANG_WARN_CONSTANT_CONVERSION = YES;
				CLANG_WARN_DEPRECATED_OBJC_IMPLEMENTATIONS = YES;
				CLANG_WARN_DIRECT_OBJC_ISA_USAGE = YES_ERROR;
				CLANG_WARN_DOCUMENTATION_COMMENTS = YES;
				CLANG_WARN_EMPTY_BODY = YES;
				CLANG_WARN_ENUM_CONVERSION = YES;
				CLANG_WARN_INFINITE_RECURSION = YES;
				CLANG_WARN_INT_CONVERSION = YES;
				CLANG_WARN_NON_LITERAL_NULL_CONVERSION = YES;
				CLANG_WARN_OBJC_IMPLICIT_RETAIN_SELF = YES;
				CLANG_WARN_OBJC_LITERAL_CONVERSION = YES;
				CLANG_WARN_OBJC_ROOT_CLASS = YES_ERROR;
				CLANG_WARN_QUOTED_INCLUDE_IN_FRAMEWORK_HEADER = YES;
				CLANG_WARN_RANGE_LOOP_ANALYSIS = YES;
				CLANG_WARN_STRICT_PROTOTYPES = YES;
				CLANG_WARN_SUSPICIOUS_MOVE = YES;
				CLANG_WARN_UNGUARDED_AVAILABILITY = YES_AGGRESSIVE;
				CLANG_WARN_UNREACHABLE_CODE = YES;
				CLANG_WARN__DUPLICATE_METHOD_MATCH = YES;
				COPY_PHASE_STRIP = NO;
				DEBUG_INFORMATION_FORMAT = dwarf;
				ENABLE_STRICT_OBJC_MSGSEND = YES;
				ENABLE_TESTABILITY = YES;
				GCC_C_LANGUAGE_STANDARD = gnu11;
				GCC_DYNAMIC_NO_PIC = NO;
				GCC_NO_COMMON_BLOCKS = YES;
				GCC_OPTIMIZATION_LEVEL = 0;
				GCC_PREPROCESSOR_DEFINITIONS = (
					"DEBUG=1",
					"$(inherited)",
				);
				GCC_WARN_64_TO_32_BIT_CONVERSION = YES;
				GCC_WARN_ABOUT_RETURN_TYPE = YES_ERROR;
				GCC_WARN_UNDECLARED_SELECTOR = YES;
				GCC_WARN_UNINITIALIZED_AUTOS = YES_AGGRESSIVE;
				GCC_WARN_UNUSED_FUNCTION = YES;
				GCC_WARN_UNUSED_VARIABLE = YES;
				MTL_ENABLE_DEBUG_INFO = INCLUDE_SOURCE;
				MTL_FAST_MATH = YES;
				ONLY_ACTIVE_ARCH = YES;
				SWIFT_ACTIVE_COMPILATION_CONDITIONS = DEBUG;
				SWIFT_OPTIMIZATION_LEVEL = "-Onone";
			};
			name = Debug;
		};
		ED1B4A48298129820097B4AC /* Release */ = {
			isa = XCBuildConfiguration;
			buildSettings = {
				ALWAYS_SEARCH_USER_PATHS = NO;
				CLANG_ANALYZER_NONNULL = YES;
				CLANG_ANALYZER_NUMBER_OBJECT_CONVERSION = YES_AGGRESSIVE;
				CLANG_CXX_LANGUAGE_STANDARD = "gnu++20";
				CLANG_ENABLE_MODULES = YES;
				CLANG_ENABLE_OBJC_ARC = YES;
				CLANG_ENABLE_OBJC_WEAK = YES;
				CLANG_WARN_BLOCK_CAPTURE_AUTORELEASING = YES;
				CLANG_WARN_BOOL_CONVERSION = YES;
				CLANG_WARN_COMMA = YES;
				CLANG_WARN_CONSTANT_CONVERSION = YES;
				CLANG_WARN_DEPRECATED_OBJC_IMPLEMENTATIONS = YES;
				CLANG_WARN_DIRECT_OBJC_ISA_USAGE = YES_ERROR;
				CLANG_WARN_DOCUMENTATION_COMMENTS = YES;
				CLANG_WARN_EMPTY_BODY = YES;
				CLANG_WARN_ENUM_CONVERSION = YES;
				CLANG_WARN_INFINITE_RECURSION = YES;
				CLANG_WARN_INT_CONVERSION = YES;
				CLANG_WARN_NON_LITERAL_NULL_CONVERSION = YES;
				CLANG_WARN_OBJC_IMPLICIT_RETAIN_SELF = YES;
				CLANG_WARN_OBJC_LITERAL_CONVERSION = YES;
				CLANG_WARN_OBJC_ROOT_CLASS = YES_ERROR;
				CLANG_WARN_QUOTED_INCLUDE_IN_FRAMEWORK_HEADER = YES;
				CLANG_WARN_RANGE_LOOP_ANALYSIS = YES;
				CLANG_WARN_STRICT_PROTOTYPES = YES;
				CLANG_WARN_SUSPICIOUS_MOVE = YES;
				CLANG_WARN_UNGUARDED_AVAILABILITY = YES_AGGRESSIVE;
				CLANG_WARN_UNREACHABLE_CODE = YES;
				CLANG_WARN__DUPLICATE_METHOD_MATCH = YES;
				COPY_PHASE_STRIP = NO;
				DEBUG_INFORMATION_FORMAT = "dwarf-with-dsym";
				ENABLE_NS_ASSERTIONS = NO;
				ENABLE_STRICT_OBJC_MSGSEND = YES;
				GCC_C_LANGUAGE_STANDARD = gnu11;
				GCC_NO_COMMON_BLOCKS = YES;
				GCC_WARN_64_TO_32_BIT_CONVERSION = YES;
				GCC_WARN_ABOUT_RETURN_TYPE = YES_ERROR;
				GCC_WARN_UNDECLARED_SELECTOR = YES;
				GCC_WARN_UNINITIALIZED_AUTOS = YES_AGGRESSIVE;
				GCC_WARN_UNUSED_FUNCTION = YES;
				GCC_WARN_UNUSED_VARIABLE = YES;
				MTL_ENABLE_DEBUG_INFO = NO;
				MTL_FAST_MATH = YES;
				SWIFT_COMPILATION_MODE = wholemodule;
				SWIFT_OPTIMIZATION_LEVEL = "-O";
			};
			name = Release;
		};
		ED1B4A4A298129820097B4AC /* Debug */ = {
			isa = XCBuildConfiguration;
			buildSettings = {
				ASSETCATALOG_COMPILER_APPICON_NAME = AppIcon;
				ASSETCATALOG_COMPILER_GLOBAL_ACCENT_COLOR_NAME = AccentColor;
				CODE_SIGN_ENTITLEMENTS = ui/ui.entitlements;
				CODE_SIGN_STYLE = Automatic;
				CURRENT_PROJECT_VERSION = 1;
				DEVELOPMENT_ASSET_PATHS = "\"ui/Preview Content\"";
				ENABLE_PREVIEWS = YES;
				GENERATE_INFOPLIST_FILE = YES;
				"INFOPLIST_KEY_UIApplicationSceneManifest_Generation[sdk=iphoneos*]" = YES;
				"INFOPLIST_KEY_UIApplicationSceneManifest_Generation[sdk=iphonesimulator*]" = YES;
				"INFOPLIST_KEY_UIApplicationSupportsIndirectInputEvents[sdk=iphoneos*]" = YES;
				"INFOPLIST_KEY_UIApplicationSupportsIndirectInputEvents[sdk=iphonesimulator*]" = YES;
				"INFOPLIST_KEY_UILaunchScreen_Generation[sdk=iphoneos*]" = YES;
				"INFOPLIST_KEY_UILaunchScreen_Generation[sdk=iphonesimulator*]" = YES;
				"INFOPLIST_KEY_UIStatusBarStyle[sdk=iphoneos*]" = UIStatusBarStyleDefault;
				"INFOPLIST_KEY_UIStatusBarStyle[sdk=iphonesimulator*]" = UIStatusBarStyleDefault;
				INFOPLIST_KEY_UISupportedInterfaceOrientations_iPad = "UIInterfaceOrientationPortrait UIInterfaceOrientationPortraitUpsideDown UIInterfaceOrientationLandscapeLeft UIInterfaceOrientationLandscapeRight";
				INFOPLIST_KEY_UISupportedInterfaceOrientations_iPhone = "UIInterfaceOrientationPortrait UIInterfaceOrientationLandscapeLeft UIInterfaceOrientationLandscapeRight";
				IPHONEOS_DEPLOYMENT_TARGET = 16.2;
				LD_RUNPATH_SEARCH_PATHS = "@executable_path/Frameworks";
				"LD_RUNPATH_SEARCH_PATHS[sdk=macosx*]" = "@executable_path/../Frameworks";
				MACOSX_DEPLOYMENT_TARGET = 12.5;
				MARKETING_VERSION = 1.0;
				PRODUCT_BUNDLE_IDENTIFIER = com.bettertexts.ui;
				PRODUCT_NAME = "$(TARGET_NAME)";
				SDKROOT = auto;
				SUPPORTED_PLATFORMS = "iphoneos iphonesimulator macosx";
				SWIFT_EMIT_LOC_STRINGS = YES;
				SWIFT_VERSION = 5.0;
				TARGETED_DEVICE_FAMILY = "1,2";
			};
			name = Debug;
		};
		ED1B4A4B298129820097B4AC /* Release */ = {
			isa = XCBuildConfiguration;
			buildSettings = {
				ASSETCATALOG_COMPILER_APPICON_NAME = AppIcon;
				ASSETCATALOG_COMPILER_GLOBAL_ACCENT_COLOR_NAME = AccentColor;
				CODE_SIGN_ENTITLEMENTS = ui/ui.entitlements;
				CODE_SIGN_STYLE = Automatic;
				CURRENT_PROJECT_VERSION = 1;
				DEVELOPMENT_ASSET_PATHS = "\"ui/Preview Content\"";
				ENABLE_PREVIEWS = YES;
				GENERATE_INFOPLIST_FILE = YES;
				"INFOPLIST_KEY_UIApplicationSceneManifest_Generation[sdk=iphoneos*]" = YES;
				"INFOPLIST_KEY_UIApplicationSceneManifest_Generation[sdk=iphonesimulator*]" = YES;
				"INFOPLIST_KEY_UIApplicationSupportsIndirectInputEvents[sdk=iphoneos*]" = YES;
				"INFOPLIST_KEY_UIApplicationSupportsIndirectInputEvents[sdk=iphonesimulator*]" = YES;
				"INFOPLIST_KEY_UILaunchScreen_Generation[sdk=iphoneos*]" = YES;
				"INFOPLIST_KEY_UILaunchScreen_Generation[sdk=iphonesimulator*]" = YES;
				"INFOPLIST_KEY_UIStatusBarStyle[sdk=iphoneos*]" = UIStatusBarStyleDefault;
				"INFOPLIST_KEY_UIStatusBarStyle[sdk=iphonesimulator*]" = UIStatusBarStyleDefault;
				INFOPLIST_KEY_UISupportedInterfaceOrientations_iPad = "UIInterfaceOrientationPortrait UIInterfaceOrientationPortraitUpsideDown UIInterfaceOrientationLandscapeLeft UIInterfaceOrientationLandscapeRight";
				INFOPLIST_KEY_UISupportedInterfaceOrientations_iPhone = "UIInterfaceOrientationPortrait UIInterfaceOrientationLandscapeLeft UIInterfaceOrientationLandscapeRight";
				IPHONEOS_DEPLOYMENT_TARGET = 16.2;
				LD_RUNPATH_SEARCH_PATHS = "@executable_path/Frameworks";
				"LD_RUNPATH_SEARCH_PATHS[sdk=macosx*]" = "@executable_path/../Frameworks";
				MACOSX_DEPLOYMENT_TARGET = 12.5;
				MARKETING_VERSION = 1.0;
				PRODUCT_BUNDLE_IDENTIFIER = com.bettertexts.ui;
				PRODUCT_NAME = "$(TARGET_NAME)";
				SDKROOT = auto;
				SUPPORTED_PLATFORMS = "iphoneos iphonesimulator macosx";
				SWIFT_EMIT_LOC_STRINGS = YES;
				SWIFT_VERSION = 5.0;
				TARGETED_DEVICE_FAMILY = "1,2";
			};
			name = Release;
		};
		ED1B4A4D298129820097B4AC /* Debug */ = {
			isa = XCBuildConfiguration;
			buildSettings = {
				ALWAYS_EMBED_SWIFT_STANDARD_LIBRARIES = YES;
				BUNDLE_LOADER = "$(TEST_HOST)";
				CODE_SIGN_STYLE = Automatic;
				CURRENT_PROJECT_VERSION = 1;
				GENERATE_INFOPLIST_FILE = YES;
				IPHONEOS_DEPLOYMENT_TARGET = 16.2;
				MACOSX_DEPLOYMENT_TARGET = 12.5;
				MARKETING_VERSION = 1.0;
				PRODUCT_BUNDLE_IDENTIFIER = com.bettertexts.uiTests;
				PRODUCT_NAME = "$(TARGET_NAME)";
				SDKROOT = auto;
				SUPPORTED_PLATFORMS = "iphoneos iphonesimulator macosx";
				SWIFT_EMIT_LOC_STRINGS = NO;
				SWIFT_VERSION = 5.0;
				TARGETED_DEVICE_FAMILY = "1,2";
				TEST_HOST = "$(BUILT_PRODUCTS_DIR)/ui.app/$(BUNDLE_EXECUTABLE_FOLDER_PATH)/ui";
			};
			name = Debug;
		};
		ED1B4A4E298129820097B4AC /* Release */ = {
			isa = XCBuildConfiguration;
			buildSettings = {
				ALWAYS_EMBED_SWIFT_STANDARD_LIBRARIES = YES;
				BUNDLE_LOADER = "$(TEST_HOST)";
				CODE_SIGN_STYLE = Automatic;
				CURRENT_PROJECT_VERSION = 1;
				GENERATE_INFOPLIST_FILE = YES;
				IPHONEOS_DEPLOYMENT_TARGET = 16.2;
				MACOSX_DEPLOYMENT_TARGET = 12.5;
				MARKETING_VERSION = 1.0;
				PRODUCT_BUNDLE_IDENTIFIER = com.bettertexts.uiTests;
				PRODUCT_NAME = "$(TARGET_NAME)";
				SDKROOT = auto;
				SUPPORTED_PLATFORMS = "iphoneos iphonesimulator macosx";
				SWIFT_EMIT_LOC_STRINGS = NO;
				SWIFT_VERSION = 5.0;
				TARGETED_DEVICE_FAMILY = "1,2";
				TEST_HOST = "$(BUILT_PRODUCTS_DIR)/ui.app/$(BUNDLE_EXECUTABLE_FOLDER_PATH)/ui";
			};
			name = Release;
		};
		ED1B4A50298129820097B4AC /* Debug */ = {
			isa = XCBuildConfiguration;
			buildSettings = {
				ALWAYS_EMBED_SWIFT_STANDARD_LIBRARIES = YES;
				CODE_SIGN_STYLE = Automatic;
				CURRENT_PROJECT_VERSION = 1;
				GENERATE_INFOPLIST_FILE = YES;
				IPHONEOS_DEPLOYMENT_TARGET = 16.2;
				MACOSX_DEPLOYMENT_TARGET = 12.5;
				MARKETING_VERSION = 1.0;
				PRODUCT_BUNDLE_IDENTIFIER = com.bettertexts.uiUITests;
				PRODUCT_NAME = "$(TARGET_NAME)";
				SDKROOT = auto;
				SUPPORTED_PLATFORMS = "iphoneos iphonesimulator macosx";
				SWIFT_EMIT_LOC_STRINGS = NO;
				SWIFT_VERSION = 5.0;
				TARGETED_DEVICE_FAMILY = "1,2";
				TEST_TARGET_NAME = ui;
			};
			name = Debug;
		};
		ED1B4A51298129820097B4AC /* Release */ = {
			isa = XCBuildConfiguration;
			buildSettings = {
				ALWAYS_EMBED_SWIFT_STANDARD_LIBRARIES = YES;
				CODE_SIGN_STYLE = Automatic;
				CURRENT_PROJECT_VERSION = 1;
				GENERATE_INFOPLIST_FILE = YES;
				IPHONEOS_DEPLOYMENT_TARGET = 16.2;
				MACOSX_DEPLOYMENT_TARGET = 12.5;
				MARKETING_VERSION = 1.0;
				PRODUCT_BUNDLE_IDENTIFIER = com.bettertexts.uiUITests;
				PRODUCT_NAME = "$(TARGET_NAME)";
				SDKROOT = auto;
				SUPPORTED_PLATFORMS = "iphoneos iphonesimulator macosx";
				SWIFT_EMIT_LOC_STRINGS = NO;
				SWIFT_VERSION = 5.0;
				TARGETED_DEVICE_FAMILY = "1,2";
				TEST_TARGET_NAME = ui;
			};
			name = Release;
		};
/* End XCBuildConfiguration section */

/* Begin XCConfigurationList section */
		ED1B4A1F298129810097B4AC /* Build configuration list for PBXProject "ui" */ = {
			isa = XCConfigurationList;
			buildConfigurations = (
				ED1B4A47298129820097B4AC /* Debug */,
				ED1B4A48298129820097B4AC /* Release */,
			);
			defaultConfigurationIsVisible = 0;
			defaultConfigurationName = Release;
		};
		ED1B4A49298129820097B4AC /* Build configuration list for PBXNativeTarget "ui" */ = {
			isa = XCConfigurationList;
			buildConfigurations = (
				ED1B4A4A298129820097B4AC /* Debug */,
				ED1B4A4B298129820097B4AC /* Release */,
			);
			defaultConfigurationIsVisible = 0;
			defaultConfigurationName = Release;
		};
		ED1B4A4C298129820097B4AC /* Build configuration list for PBXNativeTarget "uiTests" */ = {
			isa = XCConfigurationList;
			buildConfigurations = (
				ED1B4A4D298129820097B4AC /* Debug */,
				ED1B4A4E298129820097B4AC /* Release */,
			);
			defaultConfigurationIsVisible = 0;
			defaultConfigurationName = Release;
		};
		ED1B4A4F298129820097B4AC /* Build configuration list for PBXNativeTarget "uiUITests" */ = {
			isa = XCConfigurationList;
			buildConfigurations = (
				ED1B4A50298129820097B4AC /* Debug */,
				ED1B4A51298129820097B4AC /* Release */,
			);
			defaultConfigurationIsVisible = 0;
			defaultConfigurationName = Release;
		};
/* End XCConfigurationList section */
	};
	rootObject = ED1B4A1C298129810097B4AC /* Project object */;
}
